
Microsoft Visual Studio Solution File, Format Version 12.00
# Visual Studio 15
VisualStudioVersion = 15.0.28307.271
MinimumVisualStudioVersion = 10.0.40219.1
Project("{FAE04EC0-301F-11D3-BF4B-00C04F79EFBC}") = "Gauus Method", "Gauus Method\Gauus Method.csproj", "{13698FE9-0680-4722-B9A4-458706BC9939}"
EndProject
Global
	GlobalSection(SolutionConfigurationPlatforms) = preSolution
		Debug|Any CPU = Debug|Any CPU
		Release|Any CPU = Release|Any CPU
	EndGlobalSection
	GlobalSection(ProjectConfigurationPlatforms) = postSolution
		{13698FE9-0680-4722-B9A4-458706BC9939}.Debug|Any CPU.ActiveCfg = Debug|Any CPU
		{13698FE9-0680-4722-B9A4-458706BC9939}.Debug|Any CPU.Build.0 = Debug|Any CPU
		{13698FE9-0680-4722-B9A4-458706BC9939}.Release|Any CPU.ActiveCfg = Release|Any CPU
		{13698FE9-0680-4722-B9A4-458706BC9939}.Release|Any CPU.Build.0 = Release|Any CPU
	EndGlobalSection
	GlobalSection(SolutionProperties) = preSolution
		HideSolutionNode = FALSE
	EndGlobalSection
	GlobalSection(ExtensibilityGlobals) = postSolution
		SolutionGuid = {F19DD300-CC46-4136-A9BC-08183D00E8F1}
	EndGlobalSection
EndGlobal
